{
  "name": "create-ai-native-sdlc",
  "version": "0.2.0",
  "lockfileVersion": 3,
  "requires": true,
  "packages": {
    "": {
      "name": "create-ai-native-sdlc",
      "version": "0.2.0",
      "license": "MIT",
      "bin": {
        "create-ai-native-sdlc": "bin/cli.js"
      },
      "engines": {
        "node": ">=20"
      }
    }
  }
}
